// !$*UTF8*$!
{
	archiveVersion = 1;
	classes = {
	};
	objectVersion = 50;
	objects = {

/* Begin PBXBuildFile section */
		14397035239E6B5000E096D2 /* AppDelegate.swift in Sources */ = {isa = PBXBuildFile; fileRef = 14397034239E6B5000E096D2 /* AppDelegate.swift */; };
		14397037239E6B5000E096D2 /* SceneDelegate.swift in Sources */ = {isa = PBXBuildFile; fileRef = 14397036239E6B5000E096D2 /* SceneDelegate.swift */; };
		14397039239E6B5000E096D2 /* ViewController.swift in Sources */ = {isa = PBXBuildFile; fileRef = 14397038239E6B5000E096D2 /* ViewController.swift */; };
		1439703C239E6B5000E096D2 /* Main.storyboard in Resources */ = {isa = PBXBuildFile; fileRef = 1439703A239E6B5000E096D2 /* Main.storyboard */; };
		1439703E239E6B5100E096D2 /* Assets.xcassets in Resources */ = {isa = PBXBuildFile; fileRef = 1439703D239E6B5100E096D2 /* Assets.xcassets */; };
		14397041239E6B5100E096D2 /* LaunchScreen.storyboard in Resources */ = {isa = PBXBuildFile; fileRef = 1439703F239E6B5100E096D2 /* LaunchScreen.storyboard */; };
		14397049239E6C8D00E096D2 /* 1.wav in Resources */ = {isa = PBXBuildFile; fileRef = 14397048239E6C8D00E096D2 /* 1.wav */; };
/* End PBXBuildFile section */

/* Begin PBXFileReference section */
		14397031239E6B5000E096D2 /* Game Bau Cua.app */ = {isa = PBXFileReference; explicitFileType = wrapper.application; includeInIndex = 0; path = "Game Bau Cua.app"; sourceTree = BUILT_PRODUCTS_DIR; };
		14397034239E6B5000E096D2 /* AppDelegate.swift */ = {isa = PBXFileReference; lastKnownFileType = sourcecode.swift; path = AppDelegate.swift; sourceTree = "<group>"; };
		14397036239E6B5000E096D2 /* SceneDelegate.swift */ = {isa = PBXFileReference; lastKnownFileType = sourcecode.swift; path = SceneDelegate.swift; sourceTree = "<group>"; };
		14397038239E6B5000E096D2 /* ViewController.swift */ = {isa = PBXFileReference; lastKnownFileType = sourcecode.swift; path = ViewController.swift; sourceTree = "<group>"; };
		1439703B239E6B5000E096D2 /* Base */ = {isa = PBXFileReference; lastKnownFileType = file.storyboard; name = Base; path = Base.lproj/Main.storyboard; sourceTree = "<group>"; };
		1439703D239E6B5100E096D2 /* Assets.xcassets */ = {isa = PBXFileReference; lastKnownFileType = folder.assetcatalog; path = Assets.xcassets; sourceTree = "<group>"; };
		14397040239E6B5100E096D2 /* Base */ = {isa = PBXFileReference; lastKnownFileType = file.storyboard; name = Base; path = Base.lproj/LaunchScreen.storyboard; sourceTree = "<group>"; };
		14397042239E6B5100E096D2 /* Info.plist */ = {isa = PBXFileReference; lastKnownFileType = text.plist.xml; path = Info.plist; sourceTree = "<group>"; };
		14397048239E6C8D00E096D2 /* 1.wav */ = {isa = PBXFileReference; lastKnownFileType = audio.wav; path = 1.wav; sourceTree = "<group>"; };
/* End PBXFileReference section */

/* Begin PBXFrameworksBuildPhase section */
		1439702E239E6B5000E096D2 /* Frameworks */ = {
			isa = PBXFrameworksBuildPhase;
			buildActionMask = 2147483647;
			files = (
			);
			runOnlyForDeploymentPostprocessing = 0;
		};
/* End PBXFrameworksBuildPhase section */

/* Begin PBXGroup section */
		14397028239E6B5000E096D2 = {
			isa = PBXGroup;
			children = (
				14397033239E6B5000E096D2 /* Game Bau Cua */,
				14397032239E6B5000E096D2 /* Products */,
			);
			sourceTree = "<group>";
		};
		14397032239E6B5000E096D2 /* Products */ = {
			isa = PBXGroup;
			children = (
				14397031239E6B5000E096D2 /* Game Bau Cua.app */,
			);
			name = Products;
			sourceTree = "<group>";
		};
		14397033239E6B5000E096D2 /* Game Bau Cua */ = {
			isa = PBXGroup;
			children = (
				14397048239E6C8D00E096D2 /* 1.wav */,
				14397034239E6B5000E096D2 /* AppDelegate.swift */,
				14397036239E6B5000E096D2 /* SceneDelegate.swift */,
				14397038239E6B5000E096D2 /* ViewController.swift */,
				1439703A239E6B5000E096D2 /* Main.storyboard */,
				1439703D239E6B5100E096D2 /* Assets.xcassets */,
				1439703F239E6B5100E096D2 /* LaunchScreen.storyboard */,
				14397042239E6B5100E096D2 /* Info.plist */,
			);
			path = "Game Bau Cua";
			sourceTree = "<group>";
		};
/* End PBXGroup section */

/* Begin PBXNativeTarget section */
		14397030239E6B5000E096D2 /* Game Bau Cua */ = {
			isa = PBXNativeTarget;
			buildConfigurationList = 14397045239E6B5100E096D2 /* Build configuration list for PBXNativeTarget "Game Bau Cua" */;
			buildPhases = (
				1439702D239E6B5000E096D2 /* Sources */,
				1439702E239E6B5000E096D2 /* Frameworks */,
				1439702F239E6B5000E096D2 /* Resources */,
			);
			buildRules = (
			);
			dependencies = (
			);
			name = "Game Bau Cua";
			productName = "Game Bau Cua";
			productReference = 14397031239E6B5000E096D2 /* Game Bau Cua.app */;
			productType = "com.apple.product-type.application";
		};
/* End PBXNativeTarget section */

/* Begin PBXProject section */
		14397029239E6B5000E096D2 /* Project object */ = {
			isa = PBXProject;
			attributes = {
				LastSwiftUpdateCheck = 1100;
				LastUpgradeCheck = 1100;
				ORGANIZATIONNAME = QuanNguyen;
				TargetAttributes = {
					14397030239E6B5000E096D2 = {
						CreatedOnToolsVersion = 11.0;
					};
				};
			};
			buildConfigurationList = 1439702C239E6B5000E096D2 /* Build configuration list for PBXProject "Game Bau Cua" */;
			compatibilityVersion = "Xcode 9.3";
			developmentRegion = en;
			hasScannedForEncodings = 0;
			knownRegions = (
				en,
				Base,
			);
			mainGroup = 14397028239E6B5000E096D2;
			productRefGroup = 14397032239E6B5000E096D2 /* Products */;
			projectDirPath = "";
			projectRoot = "";
			targets = (
				14397030239E6B5000E096D2 /* Game Bau Cua */,
			);
		};
/* End PBXProject section */

/* Begin PBXResourcesBuildPhase section */
		1439702F239E6B5000E096D2 /* Resources */ = {
			isa = PBXResourcesBuildPhase;
			buildActionMask = 2147483647;
			files = (
				14397041239E6B5100E096D2 /* LaunchScreen.storyboard in Resources */,
				1439703E239E6B5100E096D2 /* Assets.xcassets in Resources */,
				14397049239E6C8D00E096D2 /* 1.wav in Resources */,
				1439703C239E6B5000E096D2 /* Main.storyboard in Resources */,
			);
			runOnlyForDeploymentPostprocessing = 0;
		};
/* End PBXResourcesBuildPhase section */

/* Begin PBXSourcesBuildPhase section */
		1439702D239E6B5000E096D2 /* Sources */ = {
			isa = PBXSourcesBuildPhase;
			buildActionMask = 2147483647;
			files = (
				14397039239E6B5000E096D2 /* ViewController.swift in Sources */,
				14397035239E6B5000E096D2 /* AppDelegate.swift in Sources */,
				14397037239E6B5000E096D2 /* SceneDelegate.swift in Sources */,
			);
			runOnlyForDeploymentPostprocessing = 0;
		};
/* End PBXSourcesBuildPhase section */

/* Begin PBXVariantGroup section */
		1439703A239E6B5000E096D2 /* Main.storyboard */ = {
			isa = PBXVariantGroup;
			children = (
				1439703B239E6B5000E096D2 /* Base */,
			);
			name = Main.storyboard;
			sourceTree = "<group>";
		};
		1439703F239E6B5100E096D2 /* LaunchScreen.storyboard */ = {
			isa = PBXVariantGroup;
			children = (
				14397040239E6B5100E096D2 /* Base */,
			);
			name = LaunchScreen.storyboard;
			sourceTree = "<group>";
		};
/* End PBXVariantGroup section */

/* Begin XCBuildConfiguration section */
		14397043239E6B5100E096D2 /* Debug */ = {
			isa = XCBuildConfiguration;
			buildSettings = {
				ALWAYS_SEARCH_USER_PATHS = NO;
				CLANG_ANALYZER_NONNULL = YES;
				CLANG_ANALYZER_NUMBER_OBJECT_CONVERSION = YES_AGGRESSIVE;
				CLANG_CXX_LANGUAGE_STANDARD = "gnu++14";
				CLANG_CXX_LIBRARY = "libc++";
				CLANG_ENABLE_MODULES = YES;
				CLANG_ENABLE_OBJC_ARC = YES;
				CLANG_ENABLE_OBJC_WEAK = YES;
				CLANG_WARN_BLOCK_CAPTURE_AUTORELEASING = YES;
				CLANG_WARN_BOOL_CONVERSION = YES;
				CLANG_WARN_COMMA = YES;
				CLANG_WARN_CONSTANT_CONVERSION = YES;
				CLANG_WARN_DEPRECATED_OBJC_IMPLEMENTATIONS = YES;
				CLANG_WARN_DIRECT_OBJC_ISA_USAGE = YES_ERROR;
				CLANG_WARN_DOCUMENTATION_COMMENTS = YES;
				CLANG_WARN_EMPTY_BODY = YES;
				CLANG_WARN_ENUM_CONVERSION = YES;
				CLANG_WARN_INFINITE_RECURSION = YES;
				CLANG_WARN_INT_CONVERSION = YES;
				CLANG_WARN_NON_LITERAL_NULL_CONVERSION = YES;
				CLANG_WARN_OBJC_IMPLICIT_RETAIN_SELF = YES;
				CLANG_WARN_OBJC_LITERAL_CONVERSION = YES;
				CLANG_WARN_OBJC_ROOT_CLASS = YES_ERROR;
				CLANG_WARN_RANGE_LOOP_ANALYSIS = YES;
				CLANG_WARN_STRICT_PROTOTYPES = YES;
				CLANG_WARN_SUSPICIOUS_MOVE = YES;
				CLANG_WARN_UNGUARDED_AVAILABILITY = YES_AGGRESSIVE;
				CLANG_WARN_UNREACHABLE_CODE = YES;
				CLANG_WARN__DUPLICATE_METHOD_MATCH = YES;
				COPY_PHASE_STRIP = NO;
				DEBUG_INFORMATION_FORMAT = dwarf;
				ENABLE_STRICT_OBJC_MSGSEND = YES;
				ENABLE_TESTABILITY = YES;
				GCC_C_LANGUAGE_STANDARD = gnu11;
				GCC_DYNAMIC_NO_PIC = NO;
				GCC_NO_COMMON_BLOCKS = YES;
				GCC_OPTIMIZATION_LEVEL = 0;
				GCC_PREPROCESSOR_DEFINITIONS = (
					"DEBUG=1",
					"$(inherited)",
				);
				GCC_WARN_64_TO_32_BIT_CONVERSION = YES;
				GCC_WARN_ABOUT_RETURN_TYPE = YES_ERROR;
				GCC_WARN_UNDECLARED_SELECTOR = YES;
				GCC_WARN_UNINITIALIZED_AUTOS = YES_AGGRESSIVE;
				GCC_WARN_UNUSED_FUNCTION = YES;
				GCC_WARN_UNUSED_VARIABLE = YES;
				IPHONEOS_DEPLOYMENT_TARGET = 13.0;
				MTL_ENABLE_DEBUG_INFO = INCLUDE_SOURCE;
				MTL_FAST_MATH = YES;
				ONLY_ACTIVE_ARCH = YES;
				SDKROOT = iphoneos;
				SWIFT_ACTIVE_COMPILATION_CONDITIONS = DEBUG;
				SWIFT_OPTIMIZATION_LEVEL = "-Onone";
			};
			name = Debug;
		};
		14397044239E6B5100E096D2 /* Release */ = {
			isa = XCBuildConfiguration;
			buildSettings = {
				ALWAYS_SEARCH_USER_PATHS = NO;
				CLANG_ANALYZER_NONNULL = YES;
				CLANG_ANALYZER_NUMBER_OBJECT_CONVERSION = YES_AGGRESSIVE;
				CLANG_CXX_LANGUAGE_STANDARD = "gnu++14";
				CLANG_CXX_LIBRARY = "libc++";
				CLANG_ENABLE_MODULES = YES;
				CLANG_ENABLE_OBJC_ARC = YES;
				CLANG_ENABLE_OBJC_WEAK = YES;
				CLANG_WARN_BLOCK_CAPTURE_AUTORELEASING = YES;
				CLANG_WARN_BOOL_CONVERSION = YES;
				CLANG_WARN_COMMA = YES;
				CLANG_WARN_CONSTANT_CONVERSION = YES;
				CLANG_WARN_DEPRECATED_OBJC_IMPLEMENTATIONS = YES;
				CLANG_WARN_DIRECT_OBJC_ISA_USAGE = YES_ERROR;
				CLANG_WARN_DOCUMENTATION_COMMENTS = YES;
				CLANG_WARN_EMPTY_BODY = YES;
				CLANG_WARN_ENUM_CONVERSION = YES;
				CLANG_WARN_INFINITE_RECURSION = YES;
				CLANG_WARN_INT_CONVERSION = YES;
				CLANG_WARN_NON_LITERAL_NULL_CONVERSION = YES;
				CLANG_WARN_OBJC_IMPLICIT_RETAIN_SELF = YES;
				CLANG_WARN_OBJC_LITERAL_CONVERSION = YES;
				CLANG_WARN_OBJC_ROOT_CLASS = YES_ERROR;
				CLANG_WARN_RANGE_LOOP_ANALYSIS = YES;
				CLANG_WARN_STRICT_PROTOTYPES = YES;
				CLANG_WARN_SUSPICIOUS_MOVE = YES;
				CLANG_WARN_UNGUARDED_AVAILABILITY = YES_AGGRESSIVE;
				CLANG_WARN_UNREACHABLE_CODE = YES;
				CLANG_WARN__DUPLICATE_METHOD_MATCH = YES;
				COPY_PHASE_STRIP = NO;
				DEBUG_INFORMATION_FORMAT = "dwarf-with-dsym";
				ENABLE_NS_ASSERTIONS = NO;
				ENABLE_STRICT_OBJC_MSGSEND = YES;
				GCC_C_LANGUAGE_STANDARD = gnu11;
				GCC_NO_COMMON_BLOCKS = YES;
				GCC_WARN_64_TO_32_BIT_CONVERSION = YES;
				GCC_WARN_ABOUT_RETURN_TYPE = YES_ERROR;
				GCC_WARN_UNDECLARED_SELECTOR = YES;
				GCC_WARN_UNINITIALIZED_AUTOS = YES_AGGRESSIVE;
				GCC_WARN_UNUSED_FUNCTION = YES;
				GCC_WARN_UNUSED_VARIABLE = YES;
				IPHONEOS_DEPLOYMENT_TARGET = 13.0;
				MTL_ENABLE_DEBUG_INFO = NO;
				MTL_FAST_MATH = YES;
				SDKROOT = iphoneos;
				SWIFT_COMPILATION_MODE = wholemodule;
				SWIFT_OPTIMIZATION_LEVEL = "-O";
				VALIDATE_PRODUCT = YES;
			};
			name = Release;
		};
		14397046239E6B5100E096D2 /* Debug */ = {
			isa = XCBuildConfiguration;
			buildSettings = {
				ASSETCATALOG_COMPILER_APPICON_NAME = AppIcon;
				CODE_SIGN_STYLE = Automatic;
				INFOPLIST_FILE = "Game Bau Cua/Info.plist";
				LD_RUNPATH_SEARCH_PATHS = (
					"$(inherited)",
					"@executable_path/Frameworks",
				);
				PRODUCT_BUNDLE_IDENTIFIER = "com.mrQ.Buoi1.Game-Bau-Cua";
				PRODUCT_NAME = "$(TARGET_NAME)";
				SWIFT_VERSION = 5.0;
				TARGETED_DEVICE_FAMILY = "1,2";
			};
			name = Debug;
		};
		14397047239E6B5100E096D2 /* Release */ = {
			isa = XCBuildConfiguration;
			buildSettings = {
				ASSETCATALOG_COMPILER_APPICON_NAME = AppIcon;
				CODE_SIGN_STYLE = Automatic;
				INFOPLIST_FILE = "Game Bau Cua/Info.plist";
				LD_RUNPATH_SEARCH_PATHS = (
					"$(inherited)",
					"@executable_path/Frameworks",
				);
				PRODUCT_BUNDLE_IDENTIFIER = "com.mrQ.Buoi1.Game-Bau-Cua";
				PRODUCT_NAME = "$(TARGET_NAME)";
				SWIFT_VERSION = 5.0;
				TARGETED_DEVICE_FAMILY = "1,2";
			};
			name = Release;
		};
/* End XCBuildConfiguration section */

/* Begin XCConfigurationList section */
		1439702C239E6B5000E096D2 /* Build configuration list for PBXProject "Game Bau Cua" */ = {
			isa = XCConfigurationList;
			buildConfigurations = (
				14397043239E6B5100E096D2 /* Debug */,
				14397044239E6B5100E096D2 /* Release */,
			);
			defaultConfigurationIsVisible = 0;
			defaultConfigurationName = Release;
		};
		14397045239E6B5100E096D2 /* Build configuration list for PBXNativeTarget "Game Bau Cua" */ = {
			isa = XCConfigurationList;
			buildConfigurations = (
				14397046239E6B5100E096D2 /* Debug */,
				14397047239E6B5100E096D2 /* Release */,
			);
			defaultConfigurationIsVisible = 0;
			defaultConfigurationName = Release;
		};
/* End XCConfigurationList section */
	};
	rootObject = 14397029239E6B5000E096D2 /* Project object */;
}
