// !$*UTF8*$!
{
	archiveVersion = 1;
	classes = {
	};
	objectVersion = 50;
	objects = {

/* Begin PBXBuildFile section */
		1445A5702397E2FC00F809F9 /* AppDelegate.swift in Sources */ = {isa = PBXBuildFile; fileRef = 1445A56F2397E2FC00F809F9 /* AppDelegate.swift */; };
		1445A5722397E2FC00F809F9 /* SceneDelegate.swift in Sources */ = {isa = PBXBuildFile; fileRef = 1445A5712397E2FC00F809F9 /* SceneDelegate.swift */; };
		1445A5742397E2FC00F809F9 /* ViewController.swift in Sources */ = {isa = PBXBuildFile; fileRef = 1445A5732397E2FC00F809F9 /* ViewController.swift */; };
		1445A5772397E2FC00F809F9 /* Main.storyboard in Resources */ = {isa = PBXBuildFile; fileRef = 1445A5752397E2FC00F809F9 /* Main.storyboard */; };
		1445A5792397E2FD00F809F9 /* Assets.xcassets in Resources */ = {isa = PBXBuildFile; fileRef = 1445A5782397E2FD00F809F9 /* Assets.xcassets */; };
		1445A57C2397E2FD00F809F9 /* LaunchScreen.storyboard in Resources */ = {isa = PBXBuildFile; fileRef = 1445A57A2397E2FD00F809F9 /* LaunchScreen.storyboard */; };
/* End PBXBuildFile section */

/* Begin PBXFileReference section */
		1445A56C2397E2FC00F809F9 /* baitap.app */ = {isa = PBXFileReference; explicitFileType = wrapper.application; includeInIndex = 0; path = baitap.app; sourceTree = BUILT_PRODUCTS_DIR; };
		1445A56F2397E2FC00F809F9 /* AppDelegate.swift */ = {isa = PBXFileReference; lastKnownFileType = sourcecode.swift; path = AppDelegate.swift; sourceTree = "<group>"; };
		1445A5712397E2FC00F809F9 /* SceneDelegate.swift */ = {isa = PBXFileReference; lastKnownFileType = sourcecode.swift; path = SceneDelegate.swift; sourceTree = "<group>"; };
		1445A5732397E2FC00F809F9 /* ViewController.swift */ = {isa = PBXFileReference; lastKnownFileType = sourcecode.swift; path = ViewController.swift; sourceTree = "<group>"; };
		1445A5762397E2FC00F809F9 /* Base */ = {isa = PBXFileReference; lastKnownFileType = file.storyboard; name = Base; path = Base.lproj/Main.storyboard; sourceTree = "<group>"; };
		1445A5782397E2FD00F809F9 /* Assets.xcassets */ = {isa = PBXFileReference; lastKnownFileType = folder.assetcatalog; path = Assets.xcassets; sourceTree = "<group>"; };
		1445A57B2397E2FD00F809F9 /* Base */ = {isa = PBXFileReference; lastKnownFileType = file.storyboard; name = Base; path = Base.lproj/LaunchScreen.storyboard; sourceTree = "<group>"; };
		1445A57D2397E2FD00F809F9 /* Info.plist */ = {isa = PBXFileReference; lastKnownFileType = text.plist.xml; path = Info.plist; sourceTree = "<group>"; };
/* End PBXFileReference section */

/* Begin PBXFrameworksBuildPhase section */
		1445A5692397E2FC00F809F9 /* Frameworks */ = {
			isa = PBXFrameworksBuildPhase;
			buildActionMask = 2147483647;
			files = (
			);
			runOnlyForDeploymentPostprocessing = 0;
		};
/* End PBXFrameworksBuildPhase section */

/* Begin PBXGroup section */
		1445A5632397E2FC00F809F9 = {
			isa = PBXGroup;
			children = (
				1445A56E2397E2FC00F809F9 /* baitap */,
				1445A56D2397E2FC00F809F9 /* Products */,
			);
			sourceTree = "<group>";
		};
		1445A56D2397E2FC00F809F9 /* Products */ = {
			isa = PBXGroup;
			children = (
				1445A56C2397E2FC00F809F9 /* baitap.app */,
			);
			name = Products;
			sourceTree = "<group>";
		};
		1445A56E2397E2FC00F809F9 /* baitap */ = {
			isa = PBXGroup;
			children = (
				1445A56F2397E2FC00F809F9 /* AppDelegate.swift */,
				1445A5712397E2FC00F809F9 /* SceneDelegate.swift */,
				1445A5732397E2FC00F809F9 /* ViewController.swift */,
				1445A5752397E2FC00F809F9 /* Main.storyboard */,
				1445A5782397E2FD00F809F9 /* Assets.xcassets */,
				1445A57A2397E2FD00F809F9 /* LaunchScreen.storyboard */,
				1445A57D2397E2FD00F809F9 /* Info.plist */,
			);
			path = baitap;
			sourceTree = "<group>";
		};
/* End PBXGroup section */

/* Begin PBXNativeTarget section */
		1445A56B2397E2FC00F809F9 /* baitap */ = {
			isa = PBXNativeTarget;
			buildConfigurationList = 1445A5802397E2FD00F809F9 /* Build configuration list for PBXNativeTarget "baitap" */;
			buildPhases = (
				1445A5682397E2FC00F809F9 /* Sources */,
				1445A5692397E2FC00F809F9 /* Frameworks */,
				1445A56A2397E2FC00F809F9 /* Resources */,
			);
			buildRules = (
			);
			dependencies = (
			);
			name = baitap;
			productName = baitap;
			productReference = 1445A56C2397E2FC00F809F9 /* baitap.app */;
			productType = "com.apple.product-type.application";
		};
/* End PBXNativeTarget section */

/* Begin PBXProject section */
		1445A5642397E2FC00F809F9 /* Project object */ = {
			isa = PBXProject;
			attributes = {
				LastSwiftUpdateCheck = 1100;
				LastUpgradeCheck = 1100;
				ORGANIZATIONNAME = QuanNguyen;
				TargetAttributes = {
					1445A56B2397E2FC00F809F9 = {
						CreatedOnToolsVersion = 11.0;
					};
				};
			};
			buildConfigurationList = 1445A5672397E2FC00F809F9 /* Build configuration list for PBXProject "baitap" */;
			compatibilityVersion = "Xcode 9.3";
			developmentRegion = en;
			hasScannedForEncodings = 0;
			knownRegions = (
				en,
				Base,
			);
			mainGroup = 1445A5632397E2FC00F809F9;
			productRefGroup = 1445A56D2397E2FC00F809F9 /* Products */;
			projectDirPath = "";
			projectRoot = "";
			targets = (
				1445A56B2397E2FC00F809F9 /* baitap */,
			);
		};
/* End PBXProject section */

/* Begin PBXResourcesBuildPhase section */
		1445A56A2397E2FC00F809F9 /* Resources */ = {
			isa = PBXResourcesBuildPhase;
			buildActionMask = 2147483647;
			files = (
				1445A57C2397E2FD00F809F9 /* LaunchScreen.storyboard in Resources */,
				1445A5792397E2FD00F809F9 /* Assets.xcassets in Resources */,
				1445A5772397E2FC00F809F9 /* Main.storyboard in Resources */,
			);
			runOnlyForDeploymentPostprocessing = 0;
		};
/* End PBXResourcesBuildPhase section */

/* Begin PBXSourcesBuildPhase section */
		1445A5682397E2FC00F809F9 /* Sources */ = {
			isa = PBXSourcesBuildPhase;
			buildActionMask = 2147483647;
			files = (
				1445A5742397E2FC00F809F9 /* ViewController.swift in Sources */,
				1445A5702397E2FC00F809F9 /* AppDelegate.swift in Sources */,
				1445A5722397E2FC00F809F9 /* SceneDelegate.swift in Sources */,
			);
			runOnlyForDeploymentPostprocessing = 0;
		};
/* End PBXSourcesBuildPhase section */

/* Begin PBXVariantGroup section */
		1445A5752397E2FC00F809F9 /* Main.storyboard */ = {
			isa = PBXVariantGroup;
			children = (
				1445A5762397E2FC00F809F9 /* Base */,
			);
			name = Main.storyboard;
			sourceTree = "<group>";
		};
		1445A57A2397E2FD00F809F9 /* LaunchScreen.storyboard */ = {
			isa = PBXVariantGroup;
			children = (
				1445A57B2397E2FD00F809F9 /* Base */,
			);
			name = LaunchScreen.storyboard;
			sourceTree = "<group>";
		};
/* End PBXVariantGroup section */

/* Begin XCBuildConfiguration section */
		1445A57E2397E2FD00F809F9 /* Debug */ = {
			isa = XCBuildConfiguration;
			buildSettings = {
				ALWAYS_SEARCH_USER_PATHS = NO;
				CLANG_ANALYZER_NONNULL = YES;
				CLANG_ANALYZER_NUMBER_OBJECT_CONVERSION = YES_AGGRESSIVE;
				CLANG_CXX_LANGUAGE_STANDARD = "gnu++14";
				CLANG_CXX_LIBRARY = "libc++";
				CLANG_ENABLE_MODULES = YES;
				CLANG_ENABLE_OBJC_ARC = YES;
				CLANG_ENABLE_OBJC_WEAK = YES;
				CLANG_WARN_BLOCK_CAPTURE_AUTORELEASING = YES;
				CLANG_WARN_BOOL_CONVERSION = YES;
				CLANG_WARN_COMMA = YES;
				CLANG_WARN_CONSTANT_CONVERSION = YES;
				CLANG_WARN_DEPRECATED_OBJC_IMPLEMENTATIONS = YES;
				CLANG_WARN_DIRECT_OBJC_ISA_USAGE = YES_ERROR;
				CLANG_WARN_DOCUMENTATION_COMMENTS = YES;
				CLANG_WARN_EMPTY_BODY = YES;
				CLANG_WARN_ENUM_CONVERSION = YES;
				CLANG_WARN_INFINITE_RECURSION = YES;
				CLANG_WARN_INT_CONVERSION = YES;
				CLANG_WARN_NON_LITERAL_NULL_CONVERSION = YES;
				CLANG_WARN_OBJC_IMPLICIT_RETAIN_SELF = YES;
				CLANG_WARN_OBJC_LITERAL_CONVERSION = YES;
				CLANG_WARN_OBJC_ROOT_CLASS = YES_ERROR;
				CLANG_WARN_RANGE_LOOP_ANALYSIS = YES;
				CLANG_WARN_STRICT_PROTOTYPES = YES;
				CLANG_WARN_SUSPICIOUS_MOVE = YES;
				CLANG_WARN_UNGUARDED_AVAILABILITY = YES_AGGRESSIVE;
				CLANG_WARN_UNREACHABLE_CODE = YES;
				CLANG_WARN__DUPLICATE_METHOD_MATCH = YES;
				COPY_PHASE_STRIP = NO;
				DEBUG_INFORMATION_FORMAT = dwarf;
				ENABLE_STRICT_OBJC_MSGSEND = YES;
				ENABLE_TESTABILITY = YES;
				GCC_C_LANGUAGE_STANDARD = gnu11;
				GCC_DYNAMIC_NO_PIC = NO;
				GCC_NO_COMMON_BLOCKS = YES;
				GCC_OPTIMIZATION_LEVEL = 0;
				GCC_PREPROCESSOR_DEFINITIONS = (
					"DEBUG=1",
					"$(inherited)",
				);
				GCC_WARN_64_TO_32_BIT_CONVERSION = YES;
				GCC_WARN_ABOUT_RETURN_TYPE = YES_ERROR;
				GCC_WARN_UNDECLARED_SELECTOR = YES;
				GCC_WARN_UNINITIALIZED_AUTOS = YES_AGGRESSIVE;
				GCC_WARN_UNUSED_FUNCTION = YES;
				GCC_WARN_UNUSED_VARIABLE = YES;
				IPHONEOS_DEPLOYMENT_TARGET = 13.0;
				MTL_ENABLE_DEBUG_INFO = INCLUDE_SOURCE;
				MTL_FAST_MATH = YES;
				ONLY_ACTIVE_ARCH = YES;
				SDKROOT = iphoneos;
				SWIFT_ACTIVE_COMPILATION_CONDITIONS = DEBUG;
				SWIFT_OPTIMIZATION_LEVEL = "-Onone";
			};
			name = Debug;
		};
		1445A57F2397E2FD00F809F9 /* Release */ = {
			isa = XCBuildConfiguration;
			buildSettings = {
				ALWAYS_SEARCH_USER_PATHS = NO;
				CLANG_ANALYZER_NONNULL = YES;
				CLANG_ANALYZER_NUMBER_OBJECT_CONVERSION = YES_AGGRESSIVE;
				CLANG_CXX_LANGUAGE_STANDARD = "gnu++14";
				CLANG_CXX_LIBRARY = "libc++";
				CLANG_ENABLE_MODULES = YES;
				CLANG_ENABLE_OBJC_ARC = YES;
				CLANG_ENABLE_OBJC_WEAK = YES;
				CLANG_WARN_BLOCK_CAPTURE_AUTORELEASING = YES;
				CLANG_WARN_BOOL_CONVERSION = YES;
				CLANG_WARN_COMMA = YES;
				CLANG_WARN_CONSTANT_CONVERSION = YES;
				CLANG_WARN_DEPRECATED_OBJC_IMPLEMENTATIONS = YES;
				CLANG_WARN_DIRECT_OBJC_ISA_USAGE = YES_ERROR;
				CLANG_WARN_DOCUMENTATION_COMMENTS = YES;
				CLANG_WARN_EMPTY_BODY = YES;
				CLANG_WARN_ENUM_CONVERSION = YES;
				CLANG_WARN_INFINITE_RECURSION = YES;
				CLANG_WARN_INT_CONVERSION = YES;
				CLANG_WARN_NON_LITERAL_NULL_CONVERSION = YES;
				CLANG_WARN_OBJC_IMPLICIT_RETAIN_SELF = YES;
				CLANG_WARN_OBJC_LITERAL_CONVERSION = YES;
				CLANG_WARN_OBJC_ROOT_CLASS = YES_ERROR;
				CLANG_WARN_RANGE_LOOP_ANALYSIS = YES;
				CLANG_WARN_STRICT_PROTOTYPES = YES;
				CLANG_WARN_SUSPICIOUS_MOVE = YES;
				CLANG_WARN_UNGUARDED_AVAILABILITY = YES_AGGRESSIVE;
				CLANG_WARN_UNREACHABLE_CODE = YES;
				CLANG_WARN__DUPLICATE_METHOD_MATCH = YES;
				COPY_PHASE_STRIP = NO;
				DEBUG_INFORMATION_FORMAT = "dwarf-with-dsym";
				ENABLE_NS_ASSERTIONS = NO;
				ENABLE_STRICT_OBJC_MSGSEND = YES;
				GCC_C_LANGUAGE_STANDARD = gnu11;
				GCC_NO_COMMON_BLOCKS = YES;
				GCC_WARN_64_TO_32_BIT_CONVERSION = YES;
				GCC_WARN_ABOUT_RETURN_TYPE = YES_ERROR;
				GCC_WARN_UNDECLARED_SELECTOR = YES;
				GCC_WARN_UNINITIALIZED_AUTOS = YES_AGGRESSIVE;
				GCC_WARN_UNUSED_FUNCTION = YES;
				GCC_WARN_UNUSED_VARIABLE = YES;
				IPHONEOS_DEPLOYMENT_TARGET = 13.0;
				MTL_ENABLE_DEBUG_INFO = NO;
				MTL_FAST_MATH = YES;
				SDKROOT = iphoneos;
				SWIFT_COMPILATION_MODE = wholemodule;
				SWIFT_OPTIMIZATION_LEVEL = "-O";
				VALIDATE_PRODUCT = YES;
			};
			name = Release;
		};
		1445A5812397E2FD00F809F9 /* Debug */ = {
			isa = XCBuildConfiguration;
			buildSettings = {
				ASSETCATALOG_COMPILER_APPICON_NAME = AppIcon;
				CODE_SIGN_STYLE = Automatic;
				INFOPLIST_FILE = baitap/Info.plist;
				LD_RUNPATH_SEARCH_PATHS = (
					"$(inherited)",
					"@executable_path/Frameworks",
				);
				PRODUCT_BUNDLE_IDENTIFIER = com.mrQ.Buoi1.baitap;
				PRODUCT_NAME = "$(TARGET_NAME)";
				SWIFT_VERSION = 5.0;
				TARGETED_DEVICE_FAMILY = "1,2";
			};
			name = Debug;
		};
		1445A5822397E2FD00F809F9 /* Release */ = {
			isa = XCBuildConfiguration;
			buildSettings = {
				ASSETCATALOG_COMPILER_APPICON_NAME = AppIcon;
				CODE_SIGN_STYLE = Automatic;
				INFOPLIST_FILE = baitap/Info.plist;
				LD_RUNPATH_SEARCH_PATHS = (
					"$(inherited)",
					"@executable_path/Frameworks",
				);
				PRODUCT_BUNDLE_IDENTIFIER = com.mrQ.Buoi1.baitap;
				PRODUCT_NAME = "$(TARGET_NAME)";
				SWIFT_VERSION = 5.0;
				TARGETED_DEVICE_FAMILY = "1,2";
			};
			name = Release;
		};
/* End XCBuildConfiguration section */

/* Begin XCConfigurationList section */
		1445A5672397E2FC00F809F9 /* Build configuration list for PBXProject "baitap" */ = {
			isa = XCConfigurationList;
			buildConfigurations = (
				1445A57E2397E2FD00F809F9 /* Debug */,
				1445A57F2397E2FD00F809F9 /* Release */,
			);
			defaultConfigurationIsVisible = 0;
			defaultConfigurationName = Release;
		};
		1445A5802397E2FD00F809F9 /* Build configuration list for PBXNativeTarget "baitap" */ = {
			isa = XCConfigurationList;
			buildConfigurations = (
				1445A5812397E2FD00F809F9 /* Debug */,
				1445A5822397E2FD00F809F9 /* Release */,
			);
			defaultConfigurationIsVisible = 0;
			defaultConfigurationName = Release;
		};
/* End XCConfigurationList section */
	};
	rootObject = 1445A5642397E2FC00F809F9 /* Project object */;
}
