// !$*UTF8*$!
{
	archiveVersion = 1;
	classes = {
	};
	objectVersion = 50;
	objects = {

/* Begin PBXBuildFile section */
		147269CD23BA28C1006DBAED /* AppDelegate.swift in Sources */ = {isa = PBXBuildFile; fileRef = 147269CC23BA28C1006DBAED /* AppDelegate.swift */; };
		147269CF23BA28C1006DBAED /* SceneDelegate.swift in Sources */ = {isa = PBXBuildFile; fileRef = 147269CE23BA28C1006DBAED /* SceneDelegate.swift */; };
		147269D123BA28C1006DBAED /* ViewController.swift in Sources */ = {isa = PBXBuildFile; fileRef = 147269D023BA28C1006DBAED /* ViewController.swift */; };
		147269D423BA28C1006DBAED /* Main.storyboard in Resources */ = {isa = PBXBuildFile; fileRef = 147269D223BA28C1006DBAED /* Main.storyboard */; };
		147269D623BA28C3006DBAED /* Assets.xcassets in Resources */ = {isa = PBXBuildFile; fileRef = 147269D523BA28C3006DBAED /* Assets.xcassets */; };
		147269D923BA28C3006DBAED /* LaunchScreen.storyboard in Resources */ = {isa = PBXBuildFile; fileRef = 147269D723BA28C3006DBAED /* LaunchScreen.storyboard */; };
		147269E123BA291D006DBAED /* Cell.swift in Sources */ = {isa = PBXBuildFile; fileRef = 147269E023BA291D006DBAED /* Cell.swift */; };
/* End PBXBuildFile section */

/* Begin PBXFileReference section */
		147269C923BA28C1006DBAED /* Buoi14.app */ = {isa = PBXFileReference; explicitFileType = wrapper.application; includeInIndex = 0; path = Buoi14.app; sourceTree = BUILT_PRODUCTS_DIR; };
		147269CC23BA28C1006DBAED /* AppDelegate.swift */ = {isa = PBXFileReference; lastKnownFileType = sourcecode.swift; path = AppDelegate.swift; sourceTree = "<group>"; };
		147269CE23BA28C1006DBAED /* SceneDelegate.swift */ = {isa = PBXFileReference; lastKnownFileType = sourcecode.swift; path = SceneDelegate.swift; sourceTree = "<group>"; };
		147269D023BA28C1006DBAED /* ViewController.swift */ = {isa = PBXFileReference; lastKnownFileType = sourcecode.swift; path = ViewController.swift; sourceTree = "<group>"; };
		147269D323BA28C1006DBAED /* Base */ = {isa = PBXFileReference; lastKnownFileType = file.storyboard; name = Base; path = Base.lproj/Main.storyboard; sourceTree = "<group>"; };
		147269D523BA28C3006DBAED /* Assets.xcassets */ = {isa = PBXFileReference; lastKnownFileType = folder.assetcatalog; path = Assets.xcassets; sourceTree = "<group>"; };
		147269D823BA28C3006DBAED /* Base */ = {isa = PBXFileReference; lastKnownFileType = file.storyboard; name = Base; path = Base.lproj/LaunchScreen.storyboard; sourceTree = "<group>"; };
		147269DA23BA28C3006DBAED /* Info.plist */ = {isa = PBXFileReference; lastKnownFileType = text.plist.xml; path = Info.plist; sourceTree = "<group>"; };
		147269E023BA291D006DBAED /* Cell.swift */ = {isa = PBXFileReference; lastKnownFileType = sourcecode.swift; path = Cell.swift; sourceTree = "<group>"; };
/* End PBXFileReference section */

/* Begin PBXFrameworksBuildPhase section */
		147269C623BA28C1006DBAED /* Frameworks */ = {
			isa = PBXFrameworksBuildPhase;
			buildActionMask = 2147483647;
			files = (
			);
			runOnlyForDeploymentPostprocessing = 0;
		};
/* End PBXFrameworksBuildPhase section */

/* Begin PBXGroup section */
		147269C023BA28C1006DBAED = {
			isa = PBXGroup;
			children = (
				147269CB23BA28C1006DBAED /* Buoi14 */,
				147269CA23BA28C1006DBAED /* Products */,
			);
			sourceTree = "<group>";
		};
		147269CA23BA28C1006DBAED /* Products */ = {
			isa = PBXGroup;
			children = (
				147269C923BA28C1006DBAED /* Buoi14.app */,
			);
			name = Products;
			sourceTree = "<group>";
		};
		147269CB23BA28C1006DBAED /* Buoi14 */ = {
			isa = PBXGroup;
			children = (
				147269CC23BA28C1006DBAED /* AppDelegate.swift */,
				147269CE23BA28C1006DBAED /* SceneDelegate.swift */,
				147269D023BA28C1006DBAED /* ViewController.swift */,
				147269D223BA28C1006DBAED /* Main.storyboard */,
				147269D523BA28C3006DBAED /* Assets.xcassets */,
				147269D723BA28C3006DBAED /* LaunchScreen.storyboard */,
				147269DA23BA28C3006DBAED /* Info.plist */,
				147269E023BA291D006DBAED /* Cell.swift */,
			);
			path = Buoi14;
			sourceTree = "<group>";
		};
/* End PBXGroup section */

/* Begin PBXNativeTarget section */
		147269C823BA28C1006DBAED /* Buoi14 */ = {
			isa = PBXNativeTarget;
			buildConfigurationList = 147269DD23BA28C3006DBAED /* Build configuration list for PBXNativeTarget "Buoi14" */;
			buildPhases = (
				147269C523BA28C1006DBAED /* Sources */,
				147269C623BA28C1006DBAED /* Frameworks */,
				147269C723BA28C1006DBAED /* Resources */,
			);
			buildRules = (
			);
			dependencies = (
			);
			name = Buoi14;
			productName = Buoi14;
			productReference = 147269C923BA28C1006DBAED /* Buoi14.app */;
			productType = "com.apple.product-type.application";
		};
/* End PBXNativeTarget section */

/* Begin PBXProject section */
		147269C123BA28C1006DBAED /* Project object */ = {
			isa = PBXProject;
			attributes = {
				LastSwiftUpdateCheck = 1100;
				LastUpgradeCheck = 1100;
				ORGANIZATIONNAME = QuanNguyen;
				TargetAttributes = {
					147269C823BA28C1006DBAED = {
						CreatedOnToolsVersion = 11.0;
					};
				};
			};
			buildConfigurationList = 147269C423BA28C1006DBAED /* Build configuration list for PBXProject "Buoi14" */;
			compatibilityVersion = "Xcode 9.3";
			developmentRegion = en;
			hasScannedForEncodings = 0;
			knownRegions = (
				en,
				Base,
			);
			mainGroup = 147269C023BA28C1006DBAED;
			productRefGroup = 147269CA23BA28C1006DBAED /* Products */;
			projectDirPath = "";
			projectRoot = "";
			targets = (
				147269C823BA28C1006DBAED /* Buoi14 */,
			);
		};
/* End PBXProject section */

/* Begin PBXResourcesBuildPhase section */
		147269C723BA28C1006DBAED /* Resources */ = {
			isa = PBXResourcesBuildPhase;
			buildActionMask = 2147483647;
			files = (
				147269D923BA28C3006DBAED /* LaunchScreen.storyboard in Resources */,
				147269D623BA28C3006DBAED /* Assets.xcassets in Resources */,
				147269D423BA28C1006DBAED /* Main.storyboard in Resources */,
			);
			runOnlyForDeploymentPostprocessing = 0;
		};
/* End PBXResourcesBuildPhase section */

/* Begin PBXSourcesBuildPhase section */
		147269C523BA28C1006DBAED /* Sources */ = {
			isa = PBXSourcesBuildPhase;
			buildActionMask = 2147483647;
			files = (
				147269D123BA28C1006DBAED /* ViewController.swift in Sources */,
				147269E123BA291D006DBAED /* Cell.swift in Sources */,
				147269CD23BA28C1006DBAED /* AppDelegate.swift in Sources */,
				147269CF23BA28C1006DBAED /* SceneDelegate.swift in Sources */,
			);
			runOnlyForDeploymentPostprocessing = 0;
		};
/* End PBXSourcesBuildPhase section */

/* Begin PBXVariantGroup section */
		147269D223BA28C1006DBAED /* Main.storyboard */ = {
			isa = PBXVariantGroup;
			children = (
				147269D323BA28C1006DBAED /* Base */,
			);
			name = Main.storyboard;
			sourceTree = "<group>";
		};
		147269D723BA28C3006DBAED /* LaunchScreen.storyboard */ = {
			isa = PBXVariantGroup;
			children = (
				147269D823BA28C3006DBAED /* Base */,
			);
			name = LaunchScreen.storyboard;
			sourceTree = "<group>";
		};
/* End PBXVariantGroup section */

/* Begin XCBuildConfiguration section */
		147269DB23BA28C3006DBAED /* Debug */ = {
			isa = XCBuildConfiguration;
			buildSettings = {
				ALWAYS_SEARCH_USER_PATHS = NO;
				CLANG_ANALYZER_NONNULL = YES;
				CLANG_ANALYZER_NUMBER_OBJECT_CONVERSION = YES_AGGRESSIVE;
				CLANG_CXX_LANGUAGE_STANDARD = "gnu++14";
				CLANG_CXX_LIBRARY = "libc++";
				CLANG_ENABLE_MODULES = YES;
				CLANG_ENABLE_OBJC_ARC = YES;
				CLANG_ENABLE_OBJC_WEAK = YES;
				CLANG_WARN_BLOCK_CAPTURE_AUTORELEASING = YES;
				CLANG_WARN_BOOL_CONVERSION = YES;
				CLANG_WARN_COMMA = YES;
				CLANG_WARN_CONSTANT_CONVERSION = YES;
				CLANG_WARN_DEPRECATED_OBJC_IMPLEMENTATIONS = YES;
				CLANG_WARN_DIRECT_OBJC_ISA_USAGE = YES_ERROR;
				CLANG_WARN_DOCUMENTATION_COMMENTS = YES;
				CLANG_WARN_EMPTY_BODY = YES;
				CLANG_WARN_ENUM_CONVERSION = YES;
				CLANG_WARN_INFINITE_RECURSION = YES;
				CLANG_WARN_INT_CONVERSION = YES;
				CLANG_WARN_NON_LITERAL_NULL_CONVERSION = YES;
				CLANG_WARN_OBJC_IMPLICIT_RETAIN_SELF = YES;
				CLANG_WARN_OBJC_LITERAL_CONVERSION = YES;
				CLANG_WARN_OBJC_ROOT_CLASS = YES_ERROR;
				CLANG_WARN_RANGE_LOOP_ANALYSIS = YES;
				CLANG_WARN_STRICT_PROTOTYPES = YES;
				CLANG_WARN_SUSPICIOUS_MOVE = YES;
				CLANG_WARN_UNGUARDED_AVAILABILITY = YES_AGGRESSIVE;
				CLANG_WARN_UNREACHABLE_CODE = YES;
				CLANG_WARN__DUPLICATE_METHOD_MATCH = YES;
				COPY_PHASE_STRIP = NO;
				DEBUG_INFORMATION_FORMAT = dwarf;
				ENABLE_STRICT_OBJC_MSGSEND = YES;
				ENABLE_TESTABILITY = YES;
				GCC_C_LANGUAGE_STANDARD = gnu11;
				GCC_DYNAMIC_NO_PIC = NO;
				GCC_NO_COMMON_BLOCKS = YES;
				GCC_OPTIMIZATION_LEVEL = 0;
				GCC_PREPROCESSOR_DEFINITIONS = (
					"DEBUG=1",
					"$(inherited)",
				);
				GCC_WARN_64_TO_32_BIT_CONVERSION = YES;
				GCC_WARN_ABOUT_RETURN_TYPE = YES_ERROR;
				GCC_WARN_UNDECLARED_SELECTOR = YES;
				GCC_WARN_UNINITIALIZED_AUTOS = YES_AGGRESSIVE;
				GCC_WARN_UNUSED_FUNCTION = YES;
				GCC_WARN_UNUSED_VARIABLE = YES;
				IPHONEOS_DEPLOYMENT_TARGET = 13.0;
				MTL_ENABLE_DEBUG_INFO = INCLUDE_SOURCE;
				MTL_FAST_MATH = YES;
				ONLY_ACTIVE_ARCH = YES;
				SDKROOT = iphoneos;
				SWIFT_ACTIVE_COMPILATION_CONDITIONS = DEBUG;
				SWIFT_OPTIMIZATION_LEVEL = "-Onone";
			};
			name = Debug;
		};
		147269DC23BA28C3006DBAED /* Release */ = {
			isa = XCBuildConfiguration;
			buildSettings = {
				ALWAYS_SEARCH_USER_PATHS = NO;
				CLANG_ANALYZER_NONNULL = YES;
				CLANG_ANALYZER_NUMBER_OBJECT_CONVERSION = YES_AGGRESSIVE;
				CLANG_CXX_LANGUAGE_STANDARD = "gnu++14";
				CLANG_CXX_LIBRARY = "libc++";
				CLANG_ENABLE_MODULES = YES;
				CLANG_ENABLE_OBJC_ARC = YES;
				CLANG_ENABLE_OBJC_WEAK = YES;
				CLANG_WARN_BLOCK_CAPTURE_AUTORELEASING = YES;
				CLANG_WARN_BOOL_CONVERSION = YES;
				CLANG_WARN_COMMA = YES;
				CLANG_WARN_CONSTANT_CONVERSION = YES;
				CLANG_WARN_DEPRECATED_OBJC_IMPLEMENTATIONS = YES;
				CLANG_WARN_DIRECT_OBJC_ISA_USAGE = YES_ERROR;
				CLANG_WARN_DOCUMENTATION_COMMENTS = YES;
				CLANG_WARN_EMPTY_BODY = YES;
				CLANG_WARN_ENUM_CONVERSION = YES;
				CLANG_WARN_INFINITE_RECURSION = YES;
				CLANG_WARN_INT_CONVERSION = YES;
				CLANG_WARN_NON_LITERAL_NULL_CONVERSION = YES;
				CLANG_WARN_OBJC_IMPLICIT_RETAIN_SELF = YES;
				CLANG_WARN_OBJC_LITERAL_CONVERSION = YES;
				CLANG_WARN_OBJC_ROOT_CLASS = YES_ERROR;
				CLANG_WARN_RANGE_LOOP_ANALYSIS = YES;
				CLANG_WARN_STRICT_PROTOTYPES = YES;
				CLANG_WARN_SUSPICIOUS_MOVE = YES;
				CLANG_WARN_UNGUARDED_AVAILABILITY = YES_AGGRESSIVE;
				CLANG_WARN_UNREACHABLE_CODE = YES;
				CLANG_WARN__DUPLICATE_METHOD_MATCH = YES;
				COPY_PHASE_STRIP = NO;
				DEBUG_INFORMATION_FORMAT = "dwarf-with-dsym";
				ENABLE_NS_ASSERTIONS = NO;
				ENABLE_STRICT_OBJC_MSGSEND = YES;
				GCC_C_LANGUAGE_STANDARD = gnu11;
				GCC_NO_COMMON_BLOCKS = YES;
				GCC_WARN_64_TO_32_BIT_CONVERSION = YES;
				GCC_WARN_ABOUT_RETURN_TYPE = YES_ERROR;
				GCC_WARN_UNDECLARED_SELECTOR = YES;
				GCC_WARN_UNINITIALIZED_AUTOS = YES_AGGRESSIVE;
				GCC_WARN_UNUSED_FUNCTION = YES;
				GCC_WARN_UNUSED_VARIABLE = YES;
				IPHONEOS_DEPLOYMENT_TARGET = 13.0;
				MTL_ENABLE_DEBUG_INFO = NO;
				MTL_FAST_MATH = YES;
				SDKROOT = iphoneos;
				SWIFT_COMPILATION_MODE = wholemodule;
				SWIFT_OPTIMIZATION_LEVEL = "-O";
				VALIDATE_PRODUCT = YES;
			};
			name = Release;
		};
		147269DE23BA28C3006DBAED /* Debug */ = {
			isa = XCBuildConfiguration;
			buildSettings = {
				ASSETCATALOG_COMPILER_APPICON_NAME = AppIcon;
				CODE_SIGN_STYLE = Automatic;
				INFOPLIST_FILE = Buoi14/Info.plist;
				LD_RUNPATH_SEARCH_PATHS = (
					"$(inherited)",
					"@executable_path/Frameworks",
				);
				PRODUCT_BUNDLE_IDENTIFIER = com.mrQ.Buoi1.Buoi14;
				PRODUCT_NAME = "$(TARGET_NAME)";
				SWIFT_VERSION = 5.0;
				TARGETED_DEVICE_FAMILY = "1,2";
			};
			name = Debug;
		};
		147269DF23BA28C3006DBAED /* Release */ = {
			isa = XCBuildConfiguration;
			buildSettings = {
				ASSETCATALOG_COMPILER_APPICON_NAME = AppIcon;
				CODE_SIGN_STYLE = Automatic;
				INFOPLIST_FILE = Buoi14/Info.plist;
				LD_RUNPATH_SEARCH_PATHS = (
					"$(inherited)",
					"@executable_path/Frameworks",
				);
				PRODUCT_BUNDLE_IDENTIFIER = com.mrQ.Buoi1.Buoi14;
				PRODUCT_NAME = "$(TARGET_NAME)";
				SWIFT_VERSION = 5.0;
				TARGETED_DEVICE_FAMILY = "1,2";
			};
			name = Release;
		};
/* End XCBuildConfiguration section */

/* Begin XCConfigurationList section */
		147269C423BA28C1006DBAED /* Build configuration list for PBXProject "Buoi14" */ = {
			isa = XCConfigurationList;
			buildConfigurations = (
				147269DB23BA28C3006DBAED /* Debug */,
				147269DC23BA28C3006DBAED /* Release */,
			);
			defaultConfigurationIsVisible = 0;
			defaultConfigurationName = Release;
		};
		147269DD23BA28C3006DBAED /* Build configuration list for PBXNativeTarget "Buoi14" */ = {
			isa = XCConfigurationList;
			buildConfigurations = (
				147269DE23BA28C3006DBAED /* Debug */,
				147269DF23BA28C3006DBAED /* Release */,
			);
			defaultConfigurationIsVisible = 0;
			defaultConfigurationName = Release;
		};
/* End XCConfigurationList section */
	};
	rootObject = 147269C123BA28C1006DBAED /* Project object */;
}
