// !$*UTF8*$!
{
	archiveVersion = 1;
	classes = {
	};
	objectVersion = 51;
	objects = {

/* Begin PBXBuildFile section */
		14DDA1D82403FD8B00910739 /* AppDelegate.swift in Sources */ = {isa = PBXBuildFile; fileRef = 14DDA1D72403FD8B00910739 /* AppDelegate.swift */; };
		14DDA1DA2403FD8B00910739 /* SceneDelegate.swift in Sources */ = {isa = PBXBuildFile; fileRef = 14DDA1D92403FD8B00910739 /* SceneDelegate.swift */; };
		14DDA1DC2403FD8B00910739 /* ViewController.swift in Sources */ = {isa = PBXBuildFile; fileRef = 14DDA1DB2403FD8B00910739 /* ViewController.swift */; };
		14DDA1DF2403FD8B00910739 /* Main.storyboard in Resources */ = {isa = PBXBuildFile; fileRef = 14DDA1DD2403FD8B00910739 /* Main.storyboard */; };
		14DDA1E12403FD8B00910739 /* Assets.xcassets in Resources */ = {isa = PBXBuildFile; fileRef = 14DDA1E02403FD8B00910739 /* Assets.xcassets */; };
		14DDA1E42403FD8B00910739 /* LaunchScreen.storyboard in Resources */ = {isa = PBXBuildFile; fileRef = 14DDA1E22403FD8B00910739 /* LaunchScreen.storyboard */; };
		14DDA1EC2403FF2000910739 /* ContentCell.swift in Sources */ = {isa = PBXBuildFile; fileRef = 14DDA1EB2403FF2000910739 /* ContentCell.swift */; };
		C524A354BDE8DE44C08C861B /* Pods_client.framework in Frameworks */ = {isa = PBXBuildFile; fileRef = B759840F80C126B22D0C8879 /* Pods_client.framework */; };
/* End PBXBuildFile section */

/* Begin PBXFileReference section */
		14DDA1D42403FD8A00910739 /* client.app */ = {isa = PBXFileReference; explicitFileType = wrapper.application; includeInIndex = 0; path = client.app; sourceTree = BUILT_PRODUCTS_DIR; };
		14DDA1D72403FD8B00910739 /* AppDelegate.swift */ = {isa = PBXFileReference; lastKnownFileType = sourcecode.swift; path = AppDelegate.swift; sourceTree = "<group>"; };
		14DDA1D92403FD8B00910739 /* SceneDelegate.swift */ = {isa = PBXFileReference; lastKnownFileType = sourcecode.swift; path = SceneDelegate.swift; sourceTree = "<group>"; };
		14DDA1DB2403FD8B00910739 /* ViewController.swift */ = {isa = PBXFileReference; lastKnownFileType = sourcecode.swift; path = ViewController.swift; sourceTree = "<group>"; };
		14DDA1DE2403FD8B00910739 /* Base */ = {isa = PBXFileReference; lastKnownFileType = file.storyboard; name = Base; path = Base.lproj/Main.storyboard; sourceTree = "<group>"; };
		14DDA1E02403FD8B00910739 /* Assets.xcassets */ = {isa = PBXFileReference; lastKnownFileType = folder.assetcatalog; path = Assets.xcassets; sourceTree = "<group>"; };
		14DDA1E32403FD8B00910739 /* Base */ = {isa = PBXFileReference; lastKnownFileType = file.storyboard; name = Base; path = Base.lproj/LaunchScreen.storyboard; sourceTree = "<group>"; };
		14DDA1E52403FD8B00910739 /* Info.plist */ = {isa = PBXFileReference; lastKnownFileType = text.plist.xml; path = Info.plist; sourceTree = "<group>"; };
		14DDA1EB2403FF2000910739 /* ContentCell.swift */ = {isa = PBXFileReference; lastKnownFileType = sourcecode.swift; path = ContentCell.swift; sourceTree = "<group>"; };
		749BD9BD57E16D189AA14172 /* Pods-client.release.xcconfig */ = {isa = PBXFileReference; includeInIndex = 1; lastKnownFileType = text.xcconfig; name = "Pods-client.release.xcconfig"; path = "Target Support Files/Pods-client/Pods-client.release.xcconfig"; sourceTree = "<group>"; };
		B759840F80C126B22D0C8879 /* Pods_client.framework */ = {isa = PBXFileReference; explicitFileType = wrapper.framework; includeInIndex = 0; path = Pods_client.framework; sourceTree = BUILT_PRODUCTS_DIR; };
		CB7075705CB93DB1367BAFC0 /* Pods-client.debug.xcconfig */ = {isa = PBXFileReference; includeInIndex = 1; lastKnownFileType = text.xcconfig; name = "Pods-client.debug.xcconfig"; path = "Target Support Files/Pods-client/Pods-client.debug.xcconfig"; sourceTree = "<group>"; };
/* End PBXFileReference section */

/* Begin PBXFrameworksBuildPhase section */
		14DDA1D12403FD8A00910739 /* Frameworks */ = {
			isa = PBXFrameworksBuildPhase;
			buildActionMask = 2147483647;
			files = (
				C524A354BDE8DE44C08C861B /* Pods_client.framework in Frameworks */,
			);
			runOnlyForDeploymentPostprocessing = 0;
		};
/* End PBXFrameworksBuildPhase section */

/* Begin PBXGroup section */
		14DDA1CB2403FD8A00910739 = {
			isa = PBXGroup;
			children = (
				14DDA1D62403FD8A00910739 /* client */,
				14DDA1D52403FD8A00910739 /* Products */,
				42146878616ECA13EAC137B0 /* Pods */,
				17FF44D639905DA9EE237801 /* Frameworks */,
			);
			sourceTree = "<group>";
		};
		14DDA1D52403FD8A00910739 /* Products */ = {
			isa = PBXGroup;
			children = (
				14DDA1D42403FD8A00910739 /* client.app */,
			);
			name = Products;
			sourceTree = "<group>";
		};
		14DDA1D62403FD8A00910739 /* client */ = {
			isa = PBXGroup;
			children = (
				14DDA1D72403FD8B00910739 /* AppDelegate.swift */,
				14DDA1D92403FD8B00910739 /* SceneDelegate.swift */,
				14DDA1DB2403FD8B00910739 /* ViewController.swift */,
				14DDA1DD2403FD8B00910739 /* Main.storyboard */,
				14DDA1EB2403FF2000910739 /* ContentCell.swift */,
				14DDA1E02403FD8B00910739 /* Assets.xcassets */,
				14DDA1E22403FD8B00910739 /* LaunchScreen.storyboard */,
				14DDA1E52403FD8B00910739 /* Info.plist */,
			);
			path = client;
			sourceTree = "<group>";
		};
		17FF44D639905DA9EE237801 /* Frameworks */ = {
			isa = PBXGroup;
			children = (
				B759840F80C126B22D0C8879 /* Pods_client.framework */,
			);
			name = Frameworks;
			sourceTree = "<group>";
		};
		42146878616ECA13EAC137B0 /* Pods */ = {
			isa = PBXGroup;
			children = (
				CB7075705CB93DB1367BAFC0 /* Pods-client.debug.xcconfig */,
				749BD9BD57E16D189AA14172 /* Pods-client.release.xcconfig */,
			);
			path = Pods;
			sourceTree = "<group>";
		};
/* End PBXGroup section */

/* Begin PBXNativeTarget section */
		14DDA1D32403FD8A00910739 /* client */ = {
			isa = PBXNativeTarget;
			buildConfigurationList = 14DDA1E82403FD8B00910739 /* Build configuration list for PBXNativeTarget "client" */;
			buildPhases = (
				AC47024E625FA1887C49CF18 /* [CP] Check Pods Manifest.lock */,
				14DDA1D02403FD8A00910739 /* Sources */,
				14DDA1D12403FD8A00910739 /* Frameworks */,
				14DDA1D22403FD8A00910739 /* Resources */,
				206C270BEC7EA1B854E607F9 /* [CP] Embed Pods Frameworks */,
			);
			buildRules = (
			);
			dependencies = (
			);
			name = client;
			productName = client;
			productReference = 14DDA1D42403FD8A00910739 /* client.app */;
			productType = "com.apple.product-type.application";
		};
/* End PBXNativeTarget section */

/* Begin PBXProject section */
		14DDA1CC2403FD8A00910739 /* Project object */ = {
			isa = PBXProject;
			attributes = {
				LastSwiftUpdateCheck = 1100;
				LastUpgradeCheck = 1100;
				ORGANIZATIONNAME = QuanNguyen;
				TargetAttributes = {
					14DDA1D32403FD8A00910739 = {
						CreatedOnToolsVersion = 11.0;
					};
				};
			};
			buildConfigurationList = 14DDA1CF2403FD8A00910739 /* Build configuration list for PBXProject "client" */;
			compatibilityVersion = "Xcode 9.3";
			developmentRegion = en;
			hasScannedForEncodings = 0;
			knownRegions = (
				en,
				Base,
			);
			mainGroup = 14DDA1CB2403FD8A00910739;
			productRefGroup = 14DDA1D52403FD8A00910739 /* Products */;
			projectDirPath = "";
			projectRoot = "";
			targets = (
				14DDA1D32403FD8A00910739 /* client */,
			);
		};
/* End PBXProject section */

/* Begin PBXResourcesBuildPhase section */
		14DDA1D22403FD8A00910739 /* Resources */ = {
			isa = PBXResourcesBuildPhase;
			buildActionMask = 2147483647;
			files = (
				14DDA1E42403FD8B00910739 /* LaunchScreen.storyboard in Resources */,
				14DDA1E12403FD8B00910739 /* Assets.xcassets in Resources */,
				14DDA1DF2403FD8B00910739 /* Main.storyboard in Resources */,
			);
			runOnlyForDeploymentPostprocessing = 0;
		};
/* End PBXResourcesBuildPhase section */

/* Begin PBXShellScriptBuildPhase section */
		206C270BEC7EA1B854E607F9 /* [CP] Embed Pods Frameworks */ = {
			isa = PBXShellScriptBuildPhase;
			buildActionMask = 2147483647;
			files = (
			);
			inputFileListPaths = (
				"${PODS_ROOT}/Target Support Files/Pods-client/Pods-client-frameworks-${CONFIGURATION}-input-files.xcfilelist",
			);
			name = "[CP] Embed Pods Frameworks";
			outputFileListPaths = (
				"${PODS_ROOT}/Target Support Files/Pods-client/Pods-client-frameworks-${CONFIGURATION}-output-files.xcfilelist",
			);
			runOnlyForDeploymentPostprocessing = 0;
			shellPath = /bin/sh;
			shellScript = "\"${PODS_ROOT}/Target Support Files/Pods-client/Pods-client-frameworks.sh\"\n";
			showEnvVarsInLog = 0;
		};
		AC47024E625FA1887C49CF18 /* [CP] Check Pods Manifest.lock */ = {
			isa = PBXShellScriptBuildPhase;
			buildActionMask = 2147483647;
			files = (
			);
			inputFileListPaths = (
			);
			inputPaths = (
				"${PODS_PODFILE_DIR_PATH}/Podfile.lock",
				"${PODS_ROOT}/Manifest.lock",
			);
			name = "[CP] Check Pods Manifest.lock";
			outputFileListPaths = (
			);
			outputPaths = (
				"$(DERIVED_FILE_DIR)/Pods-client-checkManifestLockResult.txt",
			);
			runOnlyForDeploymentPostprocessing = 0;
			shellPath = /bin/sh;
			shellScript = "diff \"${PODS_PODFILE_DIR_PATH}/Podfile.lock\" \"${PODS_ROOT}/Manifest.lock\" > /dev/null\nif [ $? != 0 ] ; then\n    # print error to STDERR\n    echo \"error: The sandbox is not in sync with the Podfile.lock. Run 'pod install' or update your CocoaPods installation.\" >&2\n    exit 1\nfi\n# This output is used by Xcode 'outputs' to avoid re-running this script phase.\necho \"SUCCESS\" > \"${SCRIPT_OUTPUT_FILE_0}\"\n";
			showEnvVarsInLog = 0;
		};
/* End PBXShellScriptBuildPhase section */

/* Begin PBXSourcesBuildPhase section */
		14DDA1D02403FD8A00910739 /* Sources */ = {
			isa = PBXSourcesBuildPhase;
			buildActionMask = 2147483647;
			files = (
				14DDA1DC2403FD8B00910739 /* ViewController.swift in Sources */,
				14DDA1D82403FD8B00910739 /* AppDelegate.swift in Sources */,
				14DDA1DA2403FD8B00910739 /* SceneDelegate.swift in Sources */,
				14DDA1EC2403FF2000910739 /* ContentCell.swift in Sources */,
			);
			runOnlyForDeploymentPostprocessing = 0;
		};
/* End PBXSourcesBuildPhase section */

/* Begin PBXVariantGroup section */
		14DDA1DD2403FD8B00910739 /* Main.storyboard */ = {
			isa = PBXVariantGroup;
			children = (
				14DDA1DE2403FD8B00910739 /* Base */,
			);
			name = Main.storyboard;
			sourceTree = "<group>";
		};
		14DDA1E22403FD8B00910739 /* LaunchScreen.storyboard */ = {
			isa = PBXVariantGroup;
			children = (
				14DDA1E32403FD8B00910739 /* Base */,
			);
			name = LaunchScreen.storyboard;
			sourceTree = "<group>";
		};
/* End PBXVariantGroup section */

/* Begin XCBuildConfiguration section */
		14DDA1E62403FD8B00910739 /* Debug */ = {
			isa = XCBuildConfiguration;
			buildSettings = {
				ALWAYS_SEARCH_USER_PATHS = NO;
				CLANG_ANALYZER_NONNULL = YES;
				CLANG_ANALYZER_NUMBER_OBJECT_CONVERSION = YES_AGGRESSIVE;
				CLANG_CXX_LANGUAGE_STANDARD = "gnu++14";
				CLANG_CXX_LIBRARY = "libc++";
				CLANG_ENABLE_MODULES = YES;
				CLANG_ENABLE_OBJC_ARC = YES;
				CLANG_ENABLE_OBJC_WEAK = YES;
				CLANG_WARN_BLOCK_CAPTURE_AUTORELEASING = YES;
				CLANG_WARN_BOOL_CONVERSION = YES;
				CLANG_WARN_COMMA = YES;
				CLANG_WARN_CONSTANT_CONVERSION = YES;
				CLANG_WARN_DEPRECATED_OBJC_IMPLEMENTATIONS = YES;
				CLANG_WARN_DIRECT_OBJC_ISA_USAGE = YES_ERROR;
				CLANG_WARN_DOCUMENTATION_COMMENTS = YES;
				CLANG_WARN_EMPTY_BODY = YES;
				CLANG_WARN_ENUM_CONVERSION = YES;
				CLANG_WARN_INFINITE_RECURSION = YES;
				CLANG_WARN_INT_CONVERSION = YES;
				CLANG_WARN_NON_LITERAL_NULL_CONVERSION = YES;
				CLANG_WARN_OBJC_IMPLICIT_RETAIN_SELF = YES;
				CLANG_WARN_OBJC_LITERAL_CONVERSION = YES;
				CLANG_WARN_OBJC_ROOT_CLASS = YES_ERROR;
				CLANG_WARN_RANGE_LOOP_ANALYSIS = YES;
				CLANG_WARN_STRICT_PROTOTYPES = YES;
				CLANG_WARN_SUSPICIOUS_MOVE = YES;
				CLANG_WARN_UNGUARDED_AVAILABILITY = YES_AGGRESSIVE;
				CLANG_WARN_UNREACHABLE_CODE = YES;
				CLANG_WARN__DUPLICATE_METHOD_MATCH = YES;
				COPY_PHASE_STRIP = NO;
				DEBUG_INFORMATION_FORMAT = dwarf;
				ENABLE_STRICT_OBJC_MSGSEND = YES;
				ENABLE_TESTABILITY = YES;
				GCC_C_LANGUAGE_STANDARD = gnu11;
				GCC_DYNAMIC_NO_PIC = NO;
				GCC_NO_COMMON_BLOCKS = YES;
				GCC_OPTIMIZATION_LEVEL = 0;
				GCC_PREPROCESSOR_DEFINITIONS = (
					"DEBUG=1",
					"$(inherited)",
				);
				GCC_WARN_64_TO_32_BIT_CONVERSION = YES;
				GCC_WARN_ABOUT_RETURN_TYPE = YES_ERROR;
				GCC_WARN_UNDECLARED_SELECTOR = YES;
				GCC_WARN_UNINITIALIZED_AUTOS = YES_AGGRESSIVE;
				GCC_WARN_UNUSED_FUNCTION = YES;
				GCC_WARN_UNUSED_VARIABLE = YES;
				IPHONEOS_DEPLOYMENT_TARGET = 13.0;
				MTL_ENABLE_DEBUG_INFO = INCLUDE_SOURCE;
				MTL_FAST_MATH = YES;
				ONLY_ACTIVE_ARCH = YES;
				SDKROOT = iphoneos;
				SWIFT_ACTIVE_COMPILATION_CONDITIONS = DEBUG;
				SWIFT_OPTIMIZATION_LEVEL = "-Onone";
			};
			name = Debug;
		};
		14DDA1E72403FD8B00910739 /* Release */ = {
			isa = XCBuildConfiguration;
			buildSettings = {
				ALWAYS_SEARCH_USER_PATHS = NO;
				CLANG_ANALYZER_NONNULL = YES;
				CLANG_ANALYZER_NUMBER_OBJECT_CONVERSION = YES_AGGRESSIVE;
				CLANG_CXX_LANGUAGE_STANDARD = "gnu++14";
				CLANG_CXX_LIBRARY = "libc++";
				CLANG_ENABLE_MODULES = YES;
				CLANG_ENABLE_OBJC_ARC = YES;
				CLANG_ENABLE_OBJC_WEAK = YES;
				CLANG_WARN_BLOCK_CAPTURE_AUTORELEASING = YES;
				CLANG_WARN_BOOL_CONVERSION = YES;
				CLANG_WARN_COMMA = YES;
				CLANG_WARN_CONSTANT_CONVERSION = YES;
				CLANG_WARN_DEPRECATED_OBJC_IMPLEMENTATIONS = YES;
				CLANG_WARN_DIRECT_OBJC_ISA_USAGE = YES_ERROR;
				CLANG_WARN_DOCUMENTATION_COMMENTS = YES;
				CLANG_WARN_EMPTY_BODY = YES;
				CLANG_WARN_ENUM_CONVERSION = YES;
				CLANG_WARN_INFINITE_RECURSION = YES;
				CLANG_WARN_INT_CONVERSION = YES;
				CLANG_WARN_NON_LITERAL_NULL_CONVERSION = YES;
				CLANG_WARN_OBJC_IMPLICIT_RETAIN_SELF = YES;
				CLANG_WARN_OBJC_LITERAL_CONVERSION = YES;
				CLANG_WARN_OBJC_ROOT_CLASS = YES_ERROR;
				CLANG_WARN_RANGE_LOOP_ANALYSIS = YES;
				CLANG_WARN_STRICT_PROTOTYPES = YES;
				CLANG_WARN_SUSPICIOUS_MOVE = YES;
				CLANG_WARN_UNGUARDED_AVAILABILITY = YES_AGGRESSIVE;
				CLANG_WARN_UNREACHABLE_CODE = YES;
				CLANG_WARN__DUPLICATE_METHOD_MATCH = YES;
				COPY_PHASE_STRIP = NO;
				DEBUG_INFORMATION_FORMAT = "dwarf-with-dsym";
				ENABLE_NS_ASSERTIONS = NO;
				ENABLE_STRICT_OBJC_MSGSEND = YES;
				GCC_C_LANGUAGE_STANDARD = gnu11;
				GCC_NO_COMMON_BLOCKS = YES;
				GCC_WARN_64_TO_32_BIT_CONVERSION = YES;
				GCC_WARN_ABOUT_RETURN_TYPE = YES_ERROR;
				GCC_WARN_UNDECLARED_SELECTOR = YES;
				GCC_WARN_UNINITIALIZED_AUTOS = YES_AGGRESSIVE;
				GCC_WARN_UNUSED_FUNCTION = YES;
				GCC_WARN_UNUSED_VARIABLE = YES;
				IPHONEOS_DEPLOYMENT_TARGET = 13.0;
				MTL_ENABLE_DEBUG_INFO = NO;
				MTL_FAST_MATH = YES;
				SDKROOT = iphoneos;
				SWIFT_COMPILATION_MODE = wholemodule;
				SWIFT_OPTIMIZATION_LEVEL = "-O";
				VALIDATE_PRODUCT = YES;
			};
			name = Release;
		};
		14DDA1E92403FD8B00910739 /* Debug */ = {
			isa = XCBuildConfiguration;
			baseConfigurationReference = CB7075705CB93DB1367BAFC0 /* Pods-client.debug.xcconfig */;
			buildSettings = {
				ASSETCATALOG_COMPILER_APPICON_NAME = AppIcon;
				CODE_SIGN_STYLE = Automatic;
				DEVELOPMENT_TEAM = "";
				INFOPLIST_FILE = client/Info.plist;
				LD_RUNPATH_SEARCH_PATHS = (
					"$(inherited)",
					"@executable_path/Frameworks",
				);
				PRODUCT_BUNDLE_IDENTIFIER = com.mrQ.Buoi1.client;
				PRODUCT_NAME = "$(TARGET_NAME)";
				SWIFT_VERSION = 5.0;
				TARGETED_DEVICE_FAMILY = "1,2";
			};
			name = Debug;
		};
		14DDA1EA2403FD8B00910739 /* Release */ = {
			isa = XCBuildConfiguration;
			baseConfigurationReference = 749BD9BD57E16D189AA14172 /* Pods-client.release.xcconfig */;
			buildSettings = {
				ASSETCATALOG_COMPILER_APPICON_NAME = AppIcon;
				CODE_SIGN_STYLE = Automatic;
				DEVELOPMENT_TEAM = "";
				INFOPLIST_FILE = client/Info.plist;
				LD_RUNPATH_SEARCH_PATHS = (
					"$(inherited)",
					"@executable_path/Frameworks",
				);
				PRODUCT_BUNDLE_IDENTIFIER = com.mrQ.Buoi1.client;
				PRODUCT_NAME = "$(TARGET_NAME)";
				SWIFT_VERSION = 5.0;
				TARGETED_DEVICE_FAMILY = "1,2";
			};
			name = Release;
		};
/* End XCBuildConfiguration section */

/* Begin XCConfigurationList section */
		14DDA1CF2403FD8A00910739 /* Build configuration list for PBXProject "client" */ = {
			isa = XCConfigurationList;
			buildConfigurations = (
				14DDA1E62403FD8B00910739 /* Debug */,
				14DDA1E72403FD8B00910739 /* Release */,
			);
			defaultConfigurationIsVisible = 0;
			defaultConfigurationName = Release;
		};
		14DDA1E82403FD8B00910739 /* Build configuration list for PBXNativeTarget "client" */ = {
			isa = XCConfigurationList;
			buildConfigurations = (
				14DDA1E92403FD8B00910739 /* Debug */,
				14DDA1EA2403FD8B00910739 /* Release */,
			);
			defaultConfigurationIsVisible = 0;
			defaultConfigurationName = Release;
		};
/* End XCConfigurationList section */
	};
	rootObject = 14DDA1CC2403FD8A00910739 /* Project object */;
}
